
Microsoft Visual Studio Solution File, Format Version 12.00
# Visual Studio Version 17
VisualStudioVersion = 17.3.32825.248
MinimumVisualStudioVersion = 10.0.40219.1
Project("{9A19103F-16F7-4668-BE54-9A1E7A4F7556}") = "Container.Api", "Container.Api\Container.Api.csproj", "{DF2942C5-C70E-4C33-BE69-808C935C780A}"
EndProject
Project("{9A19103F-16F7-4668-BE54-9A1E7A4F7556}") = "Container.EF", "Container.EF\Container.EF.csproj", "{F95F6ACB-0D0F-4B6A-949C-DE1CA727630F}"
EndProject
Project("{9A19103F-16F7-4668-BE54-9A1E7A4F7556}") = "Container.Common", "Container.Common\Container.Common.csproj", "{966D1DBF-541C-426A-B387-92FDA158AAC3}"
EndProject
Project("{2150E333-8FDC-42A3-9474-1A3956D46DE8}") = "Solution Items", "Solution Items", "{829D341F-03EC-4080-9CA7-FE78FC15B733}"
	ProjectSection(SolutionItems) = preProject
		.editorconfig = .editorconfig
	EndProjectSection
EndProject
Global
	GlobalSection(SolutionConfigurationPlatforms) = preSolution
		Debug|Any CPU = Debug|Any CPU
		Release|Any CPU = Release|Any CPU
	EndGlobalSection
	GlobalSection(ProjectConfigurationPlatforms) = postSolution
		{DF2942C5-C70E-4C33-BE69-808C935C780A}.Debug|Any CPU.ActiveCfg = Debug|Any CPU
		{DF2942C5-C70E-4C33-BE69-808C935C780A}.Debug|Any CPU.Build.0 = Debug|Any CPU
		{DF2942C5-C70E-4C33-BE69-808C935C780A}.Release|Any CPU.ActiveCfg = Release|Any CPU
		{DF2942C5-C70E-4C33-BE69-808C935C780A}.Release|Any CPU.Build.0 = Release|Any CPU
		{F95F6ACB-0D0F-4B6A-949C-DE1CA727630F}.Debug|Any CPU.ActiveCfg = Debug|Any CPU
		{F95F6ACB-0D0F-4B6A-949C-DE1CA727630F}.Debug|Any CPU.Build.0 = Debug|Any CPU
		{F95F6ACB-0D0F-4B6A-949C-DE1CA727630F}.Release|Any CPU.ActiveCfg = Release|Any CPU
		{F95F6ACB-0D0F-4B6A-949C-DE1CA727630F}.Release|Any CPU.Build.0 = Release|Any CPU
		{966D1DBF-541C-426A-B387-92FDA158AAC3}.Debug|Any CPU.ActiveCfg = Debug|Any CPU
		{966D1DBF-541C-426A-B387-92FDA158AAC3}.Debug|Any CPU.Build.0 = Debug|Any CPU
		{966D1DBF-541C-426A-B387-92FDA158AAC3}.Release|Any CPU.ActiveCfg = Release|Any CPU
		{966D1DBF-541C-426A-B387-92FDA158AAC3}.Release|Any CPU.Build.0 = Release|Any CPU
	EndGlobalSection
	GlobalSection(SolutionProperties) = preSolution
		HideSolutionNode = FALSE
	EndGlobalSection
	GlobalSection(ExtensibilityGlobals) = postSolution
		SolutionGuid = {E72E7B1E-4AA0-4284-BF8E-296A77149343}
	EndGlobalSection
EndGlobal
